
Microsoft Visual Studio Solution File, Format Version 11.00
# Visual Studio 2010
Project("{FAE04EC0-301F-11D3-BF4B-00C04F79EFBC}") = "RunTheLights", "Assembly-CSharp.csproj", "{3E96253B-C29D-8399-2E5A-53FA7B26C594}"
EndProject
Project("{FAE04EC0-301F-11D3-BF4B-00C04F79EFBC}") = "RunTheLights", "Assembly-CSharp-Editor.csproj", "{7C7ECCB2-54B6-182E-90A1-AB7E1016C2AF}"
EndProject
Global
	GlobalSection(SolutionConfigurationPlatforms) = preSolution
		Debug|Any CPU = Debug|Any CPU
		Release|Any CPU = Release|Any CPU
	EndGlobalSection
	GlobalSection(ProjectConfigurationPlatforms) = postSolution
		{3E96253B-C29D-8399-2E5A-53FA7B26C594}.Debug|Any CPU.ActiveCfg = Debug|Any CPU
		{3E96253B-C29D-8399-2E5A-53FA7B26C594}.Debug|Any CPU.Build.0 = Debug|Any CPU
		{3E96253B-C29D-8399-2E5A-53FA7B26C594}.Release|Any CPU.ActiveCfg = Release|Any CPU
		{3E96253B-C29D-8399-2E5A-53FA7B26C594}.Release|Any CPU.Build.0 = Release|Any CPU
		{7C7ECCB2-54B6-182E-90A1-AB7E1016C2AF}.Debug|Any CPU.ActiveCfg = Debug|Any CPU
		{7C7ECCB2-54B6-182E-90A1-AB7E1016C2AF}.Debug|Any CPU.Build.0 = Debug|Any CPU
		{7C7ECCB2-54B6-182E-90A1-AB7E1016C2AF}.Release|Any CPU.ActiveCfg = Release|Any CPU
		{7C7ECCB2-54B6-182E-90A1-AB7E1016C2AF}.Release|Any CPU.Build.0 = Release|Any CPU
	EndGlobalSection
	GlobalSection(SolutionProperties) = preSolution
		HideSolutionNode = FALSE
	EndGlobalSection
	GlobalSection(MonoDevelopProperties) = preSolution
		StartupItem = Assembly-CSharp.csproj
	EndGlobalSection
EndGlobal
